
Microsoft Visual Studio Solution File, Format Version 12.00
# Visual Studio Version 17
VisualStudioVersion = 17.11.35312.102
MinimumVisualStudioVersion = 10.0.40219.1
Project("{FAE04EC0-301F-11D3-BF4B-00C04F79EFBC}") = "DemoOtp", "DemoOtp.csproj", "{E9973596-D895-491E-86D3-F1DA0FD0ED9D}"
EndProject
Global
	GlobalSection(SolutionConfigurationPlatforms) = preSolution
		Debug|Any CPU = Debug|Any CPU
		Release|Any CPU = Release|Any CPU
	EndGlobalSection
	GlobalSection(ProjectConfigurationPlatforms) = postSolution
		{E9973596-D895-491E-86D3-F1DA0FD0ED9D}.Debug|Any CPU.ActiveCfg = Debug|Any CPU
		{E9973596-D895-491E-86D3-F1DA0FD0ED9D}.Debug|Any CPU.Build.0 = Debug|Any CPU
		{E9973596-D895-491E-86D3-F1DA0FD0ED9D}.Release|Any CPU.ActiveCfg = Release|Any CPU
		{E9973596-D895-491E-86D3-F1DA0FD0ED9D}.Release|Any CPU.Build.0 = Release|Any CPU
	EndGlobalSection
	GlobalSection(SolutionProperties) = preSolution
		HideSolutionNode = FALSE
	EndGlobalSection
	GlobalSection(ExtensibilityGlobals) = postSolution
		SolutionGuid = {885FEB5B-B17B-4F49-B119-CADA8F11F3E2}
	EndGlobalSection
EndGlobal
