
Microsoft Visual Studio Solution File, Format Version 12.00
# Visual Studio Version 17
VisualStudioVersion = 17.11.35312.102
MinimumVisualStudioVersion = 10.0.40219.1
Project("{9A19103F-16F7-4668-BE54-9A1E7A4F7556}") = "LMS-User-Service", "LMS-User-Service\LMS-User-Service.csproj", "{E98340B9-B29F-4E02-84C9-EB9E5391C46E}"
EndProject
Project("{9A19103F-16F7-4668-BE54-9A1E7A4F7556}") = "LMS-Course-Service", "..\..\..\Desktop\DotNetFsd\LMS\LMS-BackEnd\LMS-Course-Service\LMS-Course-Service.csproj", "{C33A15F0-B18F-4250-B34D-7F16C809ACB6}"
EndProject
Project("{FAE04EC0-301F-11D3-BF4B-00C04F79EFBC}") = "LMS-API-Gateways", "LMS-API-Gateways\LMS-API-Gateways.csproj", "{B8BDA1F2-3CEE-4CB1-A850-B89F72B88541}"
EndProject
Global
	GlobalSection(SolutionConfigurationPlatforms) = preSolution
		Debug|Any CPU = Debug|Any CPU
		Release|Any CPU = Release|Any CPU
	EndGlobalSection
	GlobalSection(ProjectConfigurationPlatforms) = postSolution
		{E98340B9-B29F-4E02-84C9-EB9E5391C46E}.Debug|Any CPU.ActiveCfg = Debug|Any CPU
		{E98340B9-B29F-4E02-84C9-EB9E5391C46E}.Debug|Any CPU.Build.0 = Debug|Any CPU
		{E98340B9-B29F-4E02-84C9-EB9E5391C46E}.Release|Any CPU.ActiveCfg = Release|Any CPU
		{E98340B9-B29F-4E02-84C9-EB9E5391C46E}.Release|Any CPU.Build.0 = Release|Any CPU
		{C33A15F0-B18F-4250-B34D-7F16C809ACB6}.Debug|Any CPU.ActiveCfg = Debug|Any CPU
		{C33A15F0-B18F-4250-B34D-7F16C809ACB6}.Debug|Any CPU.Build.0 = Debug|Any CPU
		{C33A15F0-B18F-4250-B34D-7F16C809ACB6}.Release|Any CPU.ActiveCfg = Release|Any CPU
		{C33A15F0-B18F-4250-B34D-7F16C809ACB6}.Release|Any CPU.Build.0 = Release|Any CPU
		{B8BDA1F2-3CEE-4CB1-A850-B89F72B88541}.Debug|Any CPU.ActiveCfg = Debug|Any CPU
		{B8BDA1F2-3CEE-4CB1-A850-B89F72B88541}.Debug|Any CPU.Build.0 = Debug|Any CPU
		{B8BDA1F2-3CEE-4CB1-A850-B89F72B88541}.Release|Any CPU.ActiveCfg = Release|Any CPU
		{B8BDA1F2-3CEE-4CB1-A850-B89F72B88541}.Release|Any CPU.Build.0 = Release|Any CPU
	EndGlobalSection
	GlobalSection(SolutionProperties) = preSolution
		HideSolutionNode = FALSE
	EndGlobalSection
	GlobalSection(ExtensibilityGlobals) = postSolution
		SolutionGuid = {C727948F-4B1D-4C53-978C-E822DF00DD48}
	EndGlobalSection
EndGlobal
