
Microsoft Visual Studio Solution File, Format Version 12.00
# Visual Studio Version 17
VisualStudioVersion = 17.11.35312.102
MinimumVisualStudioVersion = 10.0.40219.1
Project("{9A19103F-16F7-4668-BE54-9A1E7A4F7556}") = "Rent-Service", "RentService\Rent-Service.csproj", "{F2F70D2F-F768-41D7-B426-8D715465F9D4}"
EndProject
Project("{9A19103F-16F7-4668-BE54-9A1E7A4F7556}") = "Crop-Service", "Farm-Easy-Crops-Service\Crop-Service.csproj", "{879C1128-F273-40F7-95FE-236CE3A36C6B}"
EndProject
Project("{9A19103F-16F7-4668-BE54-9A1E7A4F7556}") = "Cloud-Services", "Cloud-Services\Cloud-Services.csproj", "{D04162EC-91A7-4B84-B4DC-1552A120AA0F}"
EndProject
Project("{9A19103F-16F7-4668-BE54-9A1E7A4F7556}") = "JWT-Authentication", "JWTAuthentication\JWT-Authentication.csproj", "{D16FE900-B94A-446F-A106-8F9D8F7D736F}"
EndProject
Project("{9A19103F-16F7-4668-BE54-9A1E7A4F7556}") = "API-Gateway", "Farm-API-Gateway\API-Gateway.csproj", "{0FD58712-FD17-4074-B49E-6C8B7375EE5F}"
EndProject
Project("{9A19103F-16F7-4668-BE54-9A1E7A4F7556}") = "Loan-Service", "Loan-and-Insurance-Service\Loan-Service.csproj", "{89A43279-00DD-4027-B9D3-9A890A0EC5F6}"
EndProject
Project("{9A19103F-16F7-4668-BE54-9A1E7A4F7556}") = "Testing", "Testing\Testing.csproj", "{455C89DD-385D-447D-A2C9-3005BBA3F702}"
EndProject
Project("{9A19103F-16F7-4668-BE54-9A1E7A4F7556}") = "Otp-Service", "Otp-Service\Otp-Service.csproj", "{806718C5-F899-4E10-91D4-EE721136B367}"
EndProject
Project("{9A19103F-16F7-4668-BE54-9A1E7A4F7556}") = "Account-Service", "Account_Service\Account-Service.csproj", "{664468D8-2890-4304-8AD9-3EADF77FD99F}"
EndProject
Project("{9A19103F-16F7-4668-BE54-9A1E7A4F7556}") = "Product-Services", "Product_Services\Product-Services.csproj", "{C3A20AE6-EE4E-4729-9F28-96D567CFF90C}"
EndProject
Project("{E53339B2-1760-4266-BCC7-CA923CBCF16C}") = "docker-compose", "docker-compose.dcproj", "{BCDB5325-B099-43D9-8DFB-0346F85129AC}"
EndProject
Global
	GlobalSection(SolutionConfigurationPlatforms) = preSolution
		Debug|Any CPU = Debug|Any CPU
		Release|Any CPU = Release|Any CPU
	EndGlobalSection
	GlobalSection(ProjectConfigurationPlatforms) = postSolution
		{F2F70D2F-F768-41D7-B426-8D715465F9D4}.Debug|Any CPU.ActiveCfg = Debug|Any CPU
		{F2F70D2F-F768-41D7-B426-8D715465F9D4}.Debug|Any CPU.Build.0 = Debug|Any CPU
		{F2F70D2F-F768-41D7-B426-8D715465F9D4}.Release|Any CPU.ActiveCfg = Release|Any CPU
		{F2F70D2F-F768-41D7-B426-8D715465F9D4}.Release|Any CPU.Build.0 = Release|Any CPU
		{879C1128-F273-40F7-95FE-236CE3A36C6B}.Debug|Any CPU.ActiveCfg = Debug|Any CPU
		{879C1128-F273-40F7-95FE-236CE3A36C6B}.Debug|Any CPU.Build.0 = Debug|Any CPU
		{879C1128-F273-40F7-95FE-236CE3A36C6B}.Release|Any CPU.ActiveCfg = Release|Any CPU
		{879C1128-F273-40F7-95FE-236CE3A36C6B}.Release|Any CPU.Build.0 = Release|Any CPU
		{D04162EC-91A7-4B84-B4DC-1552A120AA0F}.Debug|Any CPU.ActiveCfg = Debug|Any CPU
		{D04162EC-91A7-4B84-B4DC-1552A120AA0F}.Debug|Any CPU.Build.0 = Debug|Any CPU
		{D04162EC-91A7-4B84-B4DC-1552A120AA0F}.Release|Any CPU.ActiveCfg = Release|Any CPU
		{D04162EC-91A7-4B84-B4DC-1552A120AA0F}.Release|Any CPU.Build.0 = Release|Any CPU
		{D16FE900-B94A-446F-A106-8F9D8F7D736F}.Debug|Any CPU.ActiveCfg = Debug|Any CPU
		{D16FE900-B94A-446F-A106-8F9D8F7D736F}.Debug|Any CPU.Build.0 = Debug|Any CPU
		{D16FE900-B94A-446F-A106-8F9D8F7D736F}.Release|Any CPU.ActiveCfg = Release|Any CPU
		{D16FE900-B94A-446F-A106-8F9D8F7D736F}.Release|Any CPU.Build.0 = Release|Any CPU
		{0FD58712-FD17-4074-B49E-6C8B7375EE5F}.Debug|Any CPU.ActiveCfg = Debug|Any CPU
		{0FD58712-FD17-4074-B49E-6C8B7375EE5F}.Debug|Any CPU.Build.0 = Debug|Any CPU
		{0FD58712-FD17-4074-B49E-6C8B7375EE5F}.Release|Any CPU.ActiveCfg = Release|Any CPU
		{0FD58712-FD17-4074-B49E-6C8B7375EE5F}.Release|Any CPU.Build.0 = Release|Any CPU
		{89A43279-00DD-4027-B9D3-9A890A0EC5F6}.Debug|Any CPU.ActiveCfg = Debug|Any CPU
		{89A43279-00DD-4027-B9D3-9A890A0EC5F6}.Debug|Any CPU.Build.0 = Debug|Any CPU
		{89A43279-00DD-4027-B9D3-9A890A0EC5F6}.Release|Any CPU.ActiveCfg = Release|Any CPU
		{89A43279-00DD-4027-B9D3-9A890A0EC5F6}.Release|Any CPU.Build.0 = Release|Any CPU
		{455C89DD-385D-447D-A2C9-3005BBA3F702}.Debug|Any CPU.ActiveCfg = Debug|Any CPU
		{455C89DD-385D-447D-A2C9-3005BBA3F702}.Debug|Any CPU.Build.0 = Debug|Any CPU
		{455C89DD-385D-447D-A2C9-3005BBA3F702}.Release|Any CPU.ActiveCfg = Release|Any CPU
		{455C89DD-385D-447D-A2C9-3005BBA3F702}.Release|Any CPU.Build.0 = Release|Any CPU
		{806718C5-F899-4E10-91D4-EE721136B367}.Debug|Any CPU.ActiveCfg = Debug|Any CPU
		{806718C5-F899-4E10-91D4-EE721136B367}.Debug|Any CPU.Build.0 = Debug|Any CPU
		{806718C5-F899-4E10-91D4-EE721136B367}.Release|Any CPU.ActiveCfg = Release|Any CPU
		{806718C5-F899-4E10-91D4-EE721136B367}.Release|Any CPU.Build.0 = Release|Any CPU
		{664468D8-2890-4304-8AD9-3EADF77FD99F}.Debug|Any CPU.ActiveCfg = Debug|Any CPU
		{664468D8-2890-4304-8AD9-3EADF77FD99F}.Debug|Any CPU.Build.0 = Debug|Any CPU
		{664468D8-2890-4304-8AD9-3EADF77FD99F}.Release|Any CPU.ActiveCfg = Release|Any CPU
		{664468D8-2890-4304-8AD9-3EADF77FD99F}.Release|Any CPU.Build.0 = Release|Any CPU
		{C3A20AE6-EE4E-4729-9F28-96D567CFF90C}.Debug|Any CPU.ActiveCfg = Debug|Any CPU
		{C3A20AE6-EE4E-4729-9F28-96D567CFF90C}.Debug|Any CPU.Build.0 = Debug|Any CPU
		{C3A20AE6-EE4E-4729-9F28-96D567CFF90C}.Release|Any CPU.ActiveCfg = Release|Any CPU
		{C3A20AE6-EE4E-4729-9F28-96D567CFF90C}.Release|Any CPU.Build.0 = Release|Any CPU
		{BCDB5325-B099-43D9-8DFB-0346F85129AC}.Debug|Any CPU.ActiveCfg = Debug|Any CPU
		{BCDB5325-B099-43D9-8DFB-0346F85129AC}.Debug|Any CPU.Build.0 = Debug|Any CPU
		{BCDB5325-B099-43D9-8DFB-0346F85129AC}.Release|Any CPU.ActiveCfg = Release|Any CPU
		{BCDB5325-B099-43D9-8DFB-0346F85129AC}.Release|Any CPU.Build.0 = Release|Any CPU
	EndGlobalSection
	GlobalSection(SolutionProperties) = preSolution
		HideSolutionNode = FALSE
	EndGlobalSection
	GlobalSection(ExtensibilityGlobals) = postSolution
		SolutionGuid = {4ED8A922-F013-4591-9BB8-8C1C789DB414}
	EndGlobalSection
EndGlobal
