
Microsoft Visual Studio Solution File, Format Version 12.00
# Visual Studio Version 17
VisualStudioVersion = 17.10.35122.118
MinimumVisualStudioVersion = 10.0.40219.1
Project("{FAE04EC0-301F-11D3-BF4B-00C04F79EFBC}") = "demoApi", "demoApi\demoApi.csproj", "{8B976407-FCD7-4B85-B6CD-DC8E44FDB1FD}"
EndProject
Global
	GlobalSection(SolutionConfigurationPlatforms) = preSolution
		Debug|Any CPU = Debug|Any CPU
		Release|Any CPU = Release|Any CPU
	EndGlobalSection
	GlobalSection(ProjectConfigurationPlatforms) = postSolution
		{8B976407-FCD7-4B85-B6CD-DC8E44FDB1FD}.Debug|Any CPU.ActiveCfg = Debug|Any CPU
		{8B976407-FCD7-4B85-B6CD-DC8E44FDB1FD}.Debug|Any CPU.Build.0 = Debug|Any CPU
		{8B976407-FCD7-4B85-B6CD-DC8E44FDB1FD}.Release|Any CPU.ActiveCfg = Release|Any CPU
		{8B976407-FCD7-4B85-B6CD-DC8E44FDB1FD}.Release|Any CPU.Build.0 = Release|Any CPU
	EndGlobalSection
	GlobalSection(SolutionProperties) = preSolution
		HideSolutionNode = FALSE
	EndGlobalSection
	GlobalSection(ExtensibilityGlobals) = postSolution
		SolutionGuid = {2949A2E7-1F8D-4C3C-AE11-4B49B565B731}
	EndGlobalSection
EndGlobal
