
Microsoft Visual Studio Solution File, Format Version 12.00
# Visual Studio Version 17
VisualStudioVersion = 17.2.32516.85
MinimumVisualStudioVersion = 10.0.40219.1
Project("{FAE04EC0-301F-11D3-BF4B-00C04F79EFBC}") = "EduHub-Account-service", "EduHub-Account-Solution\EduHub-Account-service.csproj", "{0C66864E-8626-408C-8818-D5C2F4A3D11B}"
EndProject
Project("{FAE04EC0-301F-11D3-BF4B-00C04F79EFBC}") = "EduHub-Content-Service", "EduHub-Content-Service\EduHub-Content-Service.csproj", "{D7EF4456-9390-417F-80A3-84D9EEEC46E7}"
EndProject
Project("{FAE04EC0-301F-11D3-BF4B-00C04F79EFBC}") = "EduHub-Feedback-service", "EduHub-Feedback-service\EduHub-Feedback-service.csproj", "{BBD3913C-66DF-4B46-A6DF-7C36ED05A3D2}"
EndProject
Global
	GlobalSection(SolutionConfigurationPlatforms) = preSolution
		Debug|Any CPU = Debug|Any CPU
		Release|Any CPU = Release|Any CPU
	EndGlobalSection
	GlobalSection(ProjectConfigurationPlatforms) = postSolution
		{0C66864E-8626-408C-8818-D5C2F4A3D11B}.Debug|Any CPU.ActiveCfg = Debug|Any CPU
		{0C66864E-8626-408C-8818-D5C2F4A3D11B}.Debug|Any CPU.Build.0 = Debug|Any CPU
		{0C66864E-8626-408C-8818-D5C2F4A3D11B}.Release|Any CPU.ActiveCfg = Release|Any CPU
		{0C66864E-8626-408C-8818-D5C2F4A3D11B}.Release|Any CPU.Build.0 = Release|Any CPU
		{D7EF4456-9390-417F-80A3-84D9EEEC46E7}.Debug|Any CPU.ActiveCfg = Debug|Any CPU
		{D7EF4456-9390-417F-80A3-84D9EEEC46E7}.Debug|Any CPU.Build.0 = Debug|Any CPU
		{D7EF4456-9390-417F-80A3-84D9EEEC46E7}.Release|Any CPU.ActiveCfg = Release|Any CPU
		{D7EF4456-9390-417F-80A3-84D9EEEC46E7}.Release|Any CPU.Build.0 = Release|Any CPU
		{BBD3913C-66DF-4B46-A6DF-7C36ED05A3D2}.Debug|Any CPU.ActiveCfg = Debug|Any CPU
		{BBD3913C-66DF-4B46-A6DF-7C36ED05A3D2}.Debug|Any CPU.Build.0 = Debug|Any CPU
		{BBD3913C-66DF-4B46-A6DF-7C36ED05A3D2}.Release|Any CPU.ActiveCfg = Release|Any CPU
		{BBD3913C-66DF-4B46-A6DF-7C36ED05A3D2}.Release|Any CPU.Build.0 = Release|Any CPU
	EndGlobalSection
	GlobalSection(SolutionProperties) = preSolution
		HideSolutionNode = FALSE
	EndGlobalSection
	GlobalSection(ExtensibilityGlobals) = postSolution
		SolutionGuid = {441E9A39-4118-4D85-B7D3-08ADBB95FB66}
	EndGlobalSection
EndGlobal
