
Microsoft Visual Studio Solution File, Format Version 12.00
# Visual Studio Version 17
VisualStudioVersion = 17.10.35122.118
MinimumVisualStudioVersion = 10.0.40219.1
Project("{FAE04EC0-301F-11D3-BF4B-00C04F79EFBC}") = "webApiAssignment", "webApiAssignment\webApiAssignment.csproj", "{A3DF6607-9FBD-4D2E-A84F-9DCEF3260BEA}"
EndProject
Global
	GlobalSection(SolutionConfigurationPlatforms) = preSolution
		Debug|Any CPU = Debug|Any CPU
		Release|Any CPU = Release|Any CPU
	EndGlobalSection
	GlobalSection(ProjectConfigurationPlatforms) = postSolution
		{A3DF6607-9FBD-4D2E-A84F-9DCEF3260BEA}.Debug|Any CPU.ActiveCfg = Debug|Any CPU
		{A3DF6607-9FBD-4D2E-A84F-9DCEF3260BEA}.Debug|Any CPU.Build.0 = Debug|Any CPU
		{A3DF6607-9FBD-4D2E-A84F-9DCEF3260BEA}.Release|Any CPU.ActiveCfg = Release|Any CPU
		{A3DF6607-9FBD-4D2E-A84F-9DCEF3260BEA}.Release|Any CPU.Build.0 = Release|Any CPU
	EndGlobalSection
	GlobalSection(SolutionProperties) = preSolution
		HideSolutionNode = FALSE
	EndGlobalSection
	GlobalSection(ExtensibilityGlobals) = postSolution
		SolutionGuid = {E28B7ABC-1033-4807-AAC2-DD030FABBB73}
	EndGlobalSection
EndGlobal
