
Microsoft Visual Studio Solution File, Format Version 12.00
# Visual Studio Version 17
VisualStudioVersion = 17.10.35122.118
MinimumVisualStudioVersion = 10.0.40219.1
Project("{FAE04EC0-301F-11D3-BF4B-00C04F79EFBC}") = "my_asp_project_first_practice", "my_asp_project_first_practice\my_asp_project_first_practice.csproj", "{5DC18EE9-2794-43FC-A80A-D764E6B85ED1}"
EndProject
Global
	GlobalSection(SolutionConfigurationPlatforms) = preSolution
		Debug|Any CPU = Debug|Any CPU
		Release|Any CPU = Release|Any CPU
	EndGlobalSection
	GlobalSection(ProjectConfigurationPlatforms) = postSolution
		{5DC18EE9-2794-43FC-A80A-D764E6B85ED1}.Debug|Any CPU.ActiveCfg = Debug|Any CPU
		{5DC18EE9-2794-43FC-A80A-D764E6B85ED1}.Debug|Any CPU.Build.0 = Debug|Any CPU
		{5DC18EE9-2794-43FC-A80A-D764E6B85ED1}.Release|Any CPU.ActiveCfg = Release|Any CPU
		{5DC18EE9-2794-43FC-A80A-D764E6B85ED1}.Release|Any CPU.Build.0 = Release|Any CPU
	EndGlobalSection
	GlobalSection(SolutionProperties) = preSolution
		HideSolutionNode = FALSE
	EndGlobalSection
	GlobalSection(ExtensibilityGlobals) = postSolution
		SolutionGuid = {141DBFB3-16B0-4E26-A7C7-5DEC865DBCAF}
	EndGlobalSection
EndGlobal
